
Microsoft Visual Studio Solution File, Format Version 12.00
# Visual Studio 15
VisualStudioVersion = 15.0.28307.421
MinimumVisualStudioVersion = 10.0.40219.1
Project("{9A19103F-16F7-4668-BE54-9A1E7A4F7556}") = "CrossLogger", "CrossLogger\CrossLogger.csproj", "{7605FDD7-69BF-49BC-8099-F52A80993A7D}"
EndProject
Project("{FAE04EC0-301F-11D3-BF4B-00C04F79EFBC}") = "CrossLoggerDataManager", "CrossLoggerDataManager\CrossLoggerDataManager.csproj", "{EF8AFD06-DF8D-46BA-9C1A-9DCDAA7C669E}"
EndProject
Global
	GlobalSection(SolutionConfigurationPlatforms) = preSolution
		Debug|Any CPU = Debug|Any CPU
		Release|Any CPU = Release|Any CPU
	EndGlobalSection
	GlobalSection(ProjectConfigurationPlatforms) = postSolution
		{7605FDD7-69BF-49BC-8099-F52A80993A7D}.Debug|Any CPU.ActiveCfg = Debug|Any CPU
		{7605FDD7-69BF-49BC-8099-F52A80993A7D}.Debug|Any CPU.Build.0 = Debug|Any CPU
		{7605FDD7-69BF-49BC-8099-F52A80993A7D}.Release|Any CPU.ActiveCfg = Release|Any CPU
		{7605FDD7-69BF-49BC-8099-F52A80993A7D}.Release|Any CPU.Build.0 = Release|Any CPU
		{EF8AFD06-DF8D-46BA-9C1A-9DCDAA7C669E}.Debug|Any CPU.ActiveCfg = Debug|Any CPU
		{EF8AFD06-DF8D-46BA-9C1A-9DCDAA7C669E}.Debug|Any CPU.Build.0 = Debug|Any CPU
		{EF8AFD06-DF8D-46BA-9C1A-9DCDAA7C669E}.Release|Any CPU.ActiveCfg = Release|Any CPU
		{EF8AFD06-DF8D-46BA-9C1A-9DCDAA7C669E}.Release|Any CPU.Build.0 = Release|Any CPU
	EndGlobalSection
	GlobalSection(SolutionProperties) = preSolution
		HideSolutionNode = FALSE
	EndGlobalSection
	GlobalSection(ExtensibilityGlobals) = postSolution
		SolutionGuid = {97CA8C91-E7D7-455B-BC5E-C3BD122021D5}
	EndGlobalSection
EndGlobal
